// !$*UTF8*$!
{
	archiveVersion = 1;
	classes = {
	};
	objectVersion = 46;
	objects = {

/* Begin PBXBuildFile section */
		9882B3ED180345EB00E294C9 /* UIKit.framework in Frameworks */ = {isa = PBXBuildFile; fileRef = 9882B3EC180345EB00E294C9 /* UIKit.framework */; };
		9882B3EF180345EB00E294C9 /* Foundation.framework in Frameworks */ = {isa = PBXBuildFile; fileRef = 9882B3EE180345EB00E294C9 /* Foundation.framework */; };
		9882B3F1180345EB00E294C9 /* CoreGraphics.framework in Frameworks */ = {isa = PBXBuildFile; fileRef = 9882B3F0180345EB00E294C9 /* CoreGraphics.framework */; };
		9882B3F3180345EB00E294C9 /* CoreData.framework in Frameworks */ = {isa = PBXBuildFile; fileRef = 9882B3F2180345EB00E294C9 /* CoreData.framework */; };
		9882B3F9180345EB00E294C9 /* InfoPlist.strings in Resources */ = {isa = PBXBuildFile; fileRef = 9882B3F7180345EB00E294C9 /* InfoPlist.strings */; };
		9882B3FB180345EB00E294C9 /* main.m in Sources */ = {isa = PBXBuildFile; fileRef = 9882B3FA180345EB00E294C9 /* main.m */; };
		9882B3FF180345EB00E294C9 /* ZZZAppDelegate.m in Sources */ = {isa = PBXBuildFile; fileRef = 9882B3FE180345EB00E294C9 /* ZZZAppDelegate.m */; };
		9882B401180345EB00E294C9 /* Default.png in Resources */ = {isa = PBXBuildFile; fileRef = 9882B400180345EB00E294C9 /* Default.png */; };
		9882B403180345EB00E294C9 /* Default@2x.png in Resources */ = {isa = PBXBuildFile; fileRef = 9882B402180345EB00E294C9 /* Default@2x.png */; };
		9882B405180345EB00E294C9 /* Default-568h@2x.png in Resources */ = {isa = PBXBuildFile; fileRef = 9882B404180345EB00E294C9 /* Default-568h@2x.png */; };
		9882B408180345EB00E294C9 /* CoreDataNetworkTemplate.xcdatamodeld in Sources */ = {isa = PBXBuildFile; fileRef = 9882B406180345EB00E294C9 /* CoreDataNetworkTemplate.xcdatamodeld */; };
		9882B410180345EB00E294C9 /* SenTestingKit.framework in Frameworks */ = {isa = PBXBuildFile; fileRef = 9882B40F180345EB00E294C9 /* SenTestingKit.framework */; };
		9882B411180345EB00E294C9 /* UIKit.framework in Frameworks */ = {isa = PBXBuildFile; fileRef = 9882B3EC180345EB00E294C9 /* UIKit.framework */; };
		9882B412180345EB00E294C9 /* Foundation.framework in Frameworks */ = {isa = PBXBuildFile; fileRef = 9882B3EE180345EB00E294C9 /* Foundation.framework */; };
		9882B413180345EB00E294C9 /* CoreData.framework in Frameworks */ = {isa = PBXBuildFile; fileRef = 9882B3F2180345EB00E294C9 /* CoreData.framework */; };
		9882B41B180345EB00E294C9 /* InfoPlist.strings in Resources */ = {isa = PBXBuildFile; fileRef = 9882B419180345EB00E294C9 /* InfoPlist.strings */; };
		9882B47518034A4F00E294C9 /* AFHTTPRequestOperation.m in Sources */ = {isa = PBXBuildFile; fileRef = 9882B44F180349B800E294C9 /* AFHTTPRequestOperation.m */; };
		9882B47618034A4F00E294C9 /* AFHTTPRequestOperationManager.m in Sources */ = {isa = PBXBuildFile; fileRef = 9882B451180349B800E294C9 /* AFHTTPRequestOperationManager.m */; };
		9882B47718034A4F00E294C9 /* AFHTTPSessionManager.m in Sources */ = {isa = PBXBuildFile; fileRef = 9882B453180349B800E294C9 /* AFHTTPSessionManager.m */; };
		9882B47818034A4F00E294C9 /* AFNetworkReachabilityManager.m in Sources */ = {isa = PBXBuildFile; fileRef = 9882B456180349B800E294C9 /* AFNetworkReachabilityManager.m */; };
		9882B47918034A4F00E294C9 /* AFSecurityPolicy.m in Sources */ = {isa = PBXBuildFile; fileRef = 9882B458180349B800E294C9 /* AFSecurityPolicy.m */; };
		9882B47A18034A4F00E294C9 /* AFURLConnectionOperation.m in Sources */ = {isa = PBXBuildFile; fileRef = 9882B45A180349B800E294C9 /* AFURLConnectionOperation.m */; };
		9882B47B18034A4F00E294C9 /* AFURLRequestSerialization.m in Sources */ = {isa = PBXBuildFile; fileRef = 9882B45C180349B800E294C9 /* AFURLRequestSerialization.m */; };
		9882B47C18034A4F00E294C9 /* AFURLResponseSerialization.m in Sources */ = {isa = PBXBuildFile; fileRef = 9882B45E180349B800E294C9 /* AFURLResponseSerialization.m */; };
		9882B47D18034A4F00E294C9 /* AFURLSessionManager.m in Sources */ = {isa = PBXBuildFile; fileRef = 9882B460180349B800E294C9 /* AFURLSessionManager.m */; };
		9882B47F18034AB500E294C9 /* CoreTelephony.framework in Frameworks */ = {isa = PBXBuildFile; fileRef = 9882B47E18034AB500E294C9 /* CoreTelephony.framework */; };
		9882B48118034AE100E294C9 /* SystemConfiguration.framework in Frameworks */ = {isa = PBXBuildFile; fileRef = 9882B48018034AE100E294C9 /* SystemConfiguration.framework */; };
		9882B48318034AF100E294C9 /* Security.framework in Frameworks */ = {isa = PBXBuildFile; fileRef = 9882B48218034AF100E294C9 /* Security.framework */; };
		9882B49A18035F6200E294C9 /* libKiwi.a in Frameworks */ = {isa = PBXBuildFile; fileRef = 9882B48F18035F3700E294C9 /* libKiwi.a */; };
		9882B49D1803612E00E294C9 /* ZZZExampleTest.m in Sources */ = {isa = PBXBuildFile; fileRef = 9882B49C1803612E00E294C9 /* ZZZExampleTest.m */; };
/* End PBXBuildFile section */

/* Begin PBXContainerItemProxy section */
		9882B414180345EB00E294C9 /* PBXContainerItemProxy */ = {
			isa = PBXContainerItemProxy;
			containerPortal = 9882B3E1180345EB00E294C9 /* Project object */;
			proxyType = 1;
			remoteGlobalIDString = 9882B3E8180345EB00E294C9;
			remoteInfo = CoreDataNetworkTemplate;
		};
		9882B48E18035F3700E294C9 /* PBXContainerItemProxy */ = {
			isa = PBXContainerItemProxy;
			containerPortal = 9882B48518035F3600E294C9 /* Kiwi.xcodeproj */;
			proxyType = 2;
			remoteGlobalIDString = F5015B9F11583A77002E9A98;
			remoteInfo = Kiwi;
		};
		9882B49018035F3700E294C9 /* PBXContainerItemProxy */ = {
			isa = PBXContainerItemProxy;
			containerPortal = 9882B48518035F3600E294C9 /* Kiwi.xcodeproj */;
			proxyType = 2;
			remoteGlobalIDString = 832C83C7157263B300F160D5;
			remoteInfo = "Kiwi-OSX";
		};
		9882B49218035F3700E294C9 /* PBXContainerItemProxy */ = {
			isa = PBXContainerItemProxy;
			containerPortal = 9882B48518035F3600E294C9 /* Kiwi.xcodeproj */;
			proxyType = 2;
			remoteGlobalIDString = F5015C9E11584017002E9A98;
			remoteInfo = KiwiTests;
		};
		9882B49418035F3700E294C9 /* PBXContainerItemProxy */ = {
			isa = PBXContainerItemProxy;
			containerPortal = 9882B48518035F3600E294C9 /* Kiwi.xcodeproj */;
			proxyType = 2;
			remoteGlobalIDString = DA084E7317E3838100592D5A;
			remoteInfo = "Kiwi-XCTest";
		};
		9882B49618035F3700E294C9 /* PBXContainerItemProxy */ = {
			isa = PBXContainerItemProxy;
			containerPortal = 9882B48518035F3600E294C9 /* Kiwi.xcodeproj */;
			proxyType = 2;
			remoteGlobalIDString = DA084D3E17E3804200592D5A;
			remoteInfo = KiwiXCTests;
		};
		9882B49818035F4F00E294C9 /* PBXContainerItemProxy */ = {
			isa = PBXContainerItemProxy;
			containerPortal = 9882B48518035F3600E294C9 /* Kiwi.xcodeproj */;
			proxyType = 1;
			remoteGlobalIDString = F5015B9E11583A77002E9A98;
			remoteInfo = Kiwi;
		};
/* End PBXContainerItemProxy section */

/* Begin PBXFileReference section */
		9882B3E9180345EB00E294C9 /* CoreDataNetworkTemplate.app */ = {isa = PBXFileReference; explicitFileType = wrapper.application; includeInIndex = 0; path = CoreDataNetworkTemplate.app; sourceTree = BUILT_PRODUCTS_DIR; };
		9882B3EC180345EB00E294C9 /* UIKit.framework */ = {isa = PBXFileReference; lastKnownFileType = wrapper.framework; name = UIKit.framework; path = System/Library/Frameworks/UIKit.framework; sourceTree = SDKROOT; };
		9882B3EE180345EB00E294C9 /* Foundation.framework */ = {isa = PBXFileReference; lastKnownFileType = wrapper.framework; name = Foundation.framework; path = System/Library/Frameworks/Foundation.framework; sourceTree = SDKROOT; };
		9882B3F0180345EB00E294C9 /* CoreGraphics.framework */ = {isa = PBXFileReference; lastKnownFileType = wrapper.framework; name = CoreGraphics.framework; path = System/Library/Frameworks/CoreGraphics.framework; sourceTree = SDKROOT; };
		9882B3F2180345EB00E294C9 /* CoreData.framework */ = {isa = PBXFileReference; lastKnownFileType = wrapper.framework; name = CoreData.framework; path = System/Library/Frameworks/CoreData.framework; sourceTree = SDKROOT; };
		9882B3F6180345EB00E294C9 /* CoreDataNetworkTemplate-Info.plist */ = {isa = PBXFileReference; lastKnownFileType = text.plist.xml; path = "CoreDataNetworkTemplate-Info.plist"; sourceTree = "<group>"; };
		9882B3F8180345EB00E294C9 /* en */ = {isa = PBXFileReference; lastKnownFileType = text.plist.strings; name = en; path = en.lproj/InfoPlist.strings; sourceTree = "<group>"; };
		9882B3FA180345EB00E294C9 /* main.m */ = {isa = PBXFileReference; lastKnownFileType = sourcecode.c.objc; path = main.m; sourceTree = "<group>"; };
		9882B3FC180345EB00E294C9 /* CoreDataNetworkTemplate-Prefix.pch */ = {isa = PBXFileReference; lastKnownFileType = sourcecode.c.h; path = "CoreDataNetworkTemplate-Prefix.pch"; sourceTree = "<group>"; };
		9882B3FD180345EB00E294C9 /* ZZZAppDelegate.h */ = {isa = PBXFileReference; lastKnownFileType = sourcecode.c.h; path = ZZZAppDelegate.h; sourceTree = "<group>"; };
		9882B3FE180345EB00E294C9 /* ZZZAppDelegate.m */ = {isa = PBXFileReference; lastKnownFileType = sourcecode.c.objc; path = ZZZAppDelegate.m; sourceTree = "<group>"; };
		9882B400180345EB00E294C9 /* Default.png */ = {isa = PBXFileReference; lastKnownFileType = image.png; path = Default.png; sourceTree = "<group>"; };
		9882B402180345EB00E294C9 /* Default@2x.png */ = {isa = PBXFileReference; lastKnownFileType = image.png; path = "Default@2x.png"; sourceTree = "<group>"; };
		9882B404180345EB00E294C9 /* Default-568h@2x.png */ = {isa = PBXFileReference; lastKnownFileType = image.png; path = "Default-568h@2x.png"; sourceTree = "<group>"; };
		9882B407180345EB00E294C9 /* CoreDataNetworkTemplate.xcdatamodel */ = {isa = PBXFileReference; lastKnownFileType = wrapper.xcdatamodel; path = CoreDataNetworkTemplate.xcdatamodel; sourceTree = "<group>"; };
		9882B40E180345EB00E294C9 /* CoreDataNetworkTemplateTests.octest */ = {isa = PBXFileReference; explicitFileType = wrapper.cfbundle; includeInIndex = 0; path = CoreDataNetworkTemplateTests.octest; sourceTree = BUILT_PRODUCTS_DIR; };
		9882B40F180345EB00E294C9 /* SenTestingKit.framework */ = {isa = PBXFileReference; lastKnownFileType = wrapper.framework; name = SenTestingKit.framework; path = Library/Frameworks/SenTestingKit.framework; sourceTree = DEVELOPER_DIR; };
		9882B418180345EB00E294C9 /* CoreDataNetworkTemplateTests-Info.plist */ = {isa = PBXFileReference; lastKnownFileType = text.plist.xml; path = "CoreDataNetworkTemplateTests-Info.plist"; sourceTree = "<group>"; };
		9882B41A180345EB00E294C9 /* en */ = {isa = PBXFileReference; lastKnownFileType = text.plist.strings; name = en; path = en.lproj/InfoPlist.strings; sourceTree = "<group>"; };
		9882B44E180349B800E294C9 /* AFHTTPRequestOperation.h */ = {isa = PBXFileReference; lastKnownFileType = sourcecode.c.h; path = AFHTTPRequestOperation.h; sourceTree = "<group>"; };
		9882B44F180349B800E294C9 /* AFHTTPRequestOperation.m */ = {isa = PBXFileReference; lastKnownFileType = sourcecode.c.objc; path = AFHTTPRequestOperation.m; sourceTree = "<group>"; };
		9882B450180349B800E294C9 /* AFHTTPRequestOperationManager.h */ = {isa = PBXFileReference; lastKnownFileType = sourcecode.c.h; path = AFHTTPRequestOperationManager.h; sourceTree = "<group>"; };
		9882B451180349B800E294C9 /* AFHTTPRequestOperationManager.m */ = {isa = PBXFileReference; lastKnownFileType = sourcecode.c.objc; path = AFHTTPRequestOperationManager.m; sourceTree = "<group>"; };
		9882B452180349B800E294C9 /* AFHTTPSessionManager.h */ = {isa = PBXFileReference; lastKnownFileType = sourcecode.c.h; path = AFHTTPSessionManager.h; sourceTree = "<group>"; };
		9882B453180349B800E294C9 /* AFHTTPSessionManager.m */ = {isa = PBXFileReference; lastKnownFileType = sourcecode.c.objc; path = AFHTTPSessionManager.m; sourceTree = "<group>"; };
		9882B454180349B800E294C9 /* AFNetworking.h */ = {isa = PBXFileReference; lastKnownFileType = sourcecode.c.h; path = AFNetworking.h; sourceTree = "<group>"; };
		9882B455180349B800E294C9 /* AFNetworkReachabilityManager.h */ = {isa = PBXFileReference; lastKnownFileType = sourcecode.c.h; path = AFNetworkReachabilityManager.h; sourceTree = "<group>"; };
		9882B456180349B800E294C9 /* AFNetworkReachabilityManager.m */ = {isa = PBXFileReference; lastKnownFileType = sourcecode.c.objc; path = AFNetworkReachabilityManager.m; sourceTree = "<group>"; };
		9882B457180349B800E294C9 /* AFSecurityPolicy.h */ = {isa = PBXFileReference; lastKnownFileType = sourcecode.c.h; path = AFSecurityPolicy.h; sourceTree = "<group>"; };
		9882B458180349B800E294C9 /* AFSecurityPolicy.m */ = {isa = PBXFileReference; lastKnownFileType = sourcecode.c.objc; path = AFSecurityPolicy.m; sourceTree = "<group>"; };
		9882B459180349B800E294C9 /* AFURLConnectionOperation.h */ = {isa = PBXFileReference; lastKnownFileType = sourcecode.c.h; path = AFURLConnectionOperation.h; sourceTree = "<group>"; };
		9882B45A180349B800E294C9 /* AFURLConnectionOperation.m */ = {isa = PBXFileReference; lastKnownFileType = sourcecode.c.objc; path = AFURLConnectionOperation.m; sourceTree = "<group>"; };
		9882B45B180349B800E294C9 /* AFURLRequestSerialization.h */ = {isa = PBXFileReference; lastKnownFileType = sourcecode.c.h; path = AFURLRequestSerialization.h; sourceTree = "<group>"; };
		9882B45C180349B800E294C9 /* AFURLRequestSerialization.m */ = {isa = PBXFileReference; lastKnownFileType = sourcecode.c.objc; path = AFURLRequestSerialization.m; sourceTree = "<group>"; };
		9882B45D180349B800E294C9 /* AFURLResponseSerialization.h */ = {isa = PBXFileReference; lastKnownFileType = sourcecode.c.h; path = AFURLResponseSerialization.h; sourceTree = "<group>"; };
		9882B45E180349B800E294C9 /* AFURLResponseSerialization.m */ = {isa = PBXFileReference; lastKnownFileType = sourcecode.c.objc; path = AFURLResponseSerialization.m; sourceTree = "<group>"; };
		9882B45F180349B800E294C9 /* AFURLSessionManager.h */ = {isa = PBXFileReference; lastKnownFileType = sourcecode.c.h; path = AFURLSessionManager.h; sourceTree = "<group>"; };
		9882B460180349B800E294C9 /* AFURLSessionManager.m */ = {isa = PBXFileReference; lastKnownFileType = sourcecode.c.objc; path = AFURLSessionManager.m; sourceTree = "<group>"; };
		9882B47E18034AB500E294C9 /* CoreTelephony.framework */ = {isa = PBXFileReference; lastKnownFileType = wrapper.framework; name = CoreTelephony.framework; path = System/Library/Frameworks/CoreTelephony.framework; sourceTree = SDKROOT; };
		9882B48018034AE100E294C9 /* SystemConfiguration.framework */ = {isa = PBXFileReference; lastKnownFileType = wrapper.framework; name = SystemConfiguration.framework; path = System/Library/Frameworks/SystemConfiguration.framework; sourceTree = SDKROOT; };
		9882B48218034AF100E294C9 /* Security.framework */ = {isa = PBXFileReference; lastKnownFileType = wrapper.framework; name = Security.framework; path = System/Library/Frameworks/Security.framework; sourceTree = SDKROOT; };
		9882B48518035F3600E294C9 /* Kiwi.xcodeproj */ = {isa = PBXFileReference; lastKnownFileType = "wrapper.pb-project"; name = Kiwi.xcodeproj; path = Submodules/Kiwi/Kiwi.xcodeproj; sourceTree = SOURCE_ROOT; };
		9882B49C1803612E00E294C9 /* ZZZExampleTest.m */ = {isa = PBXFileReference; fileEncoding = 4; lastKnownFileType = sourcecode.c.objc; path = ZZZExampleTest.m; sourceTree = "<group>"; };
/* End PBXFileReference section */

/* Begin PBXFrameworksBuildPhase section */
		9882B3E6180345EB00E294C9 /* Frameworks */ = {
			isa = PBXFrameworksBuildPhase;
			buildActionMask = 2147483647;
			files = (
				9882B48318034AF100E294C9 /* Security.framework in Frameworks */,
				9882B48118034AE100E294C9 /* SystemConfiguration.framework in Frameworks */,
				9882B47F18034AB500E294C9 /* CoreTelephony.framework in Frameworks */,
				9882B3ED180345EB00E294C9 /* UIKit.framework in Frameworks */,
				9882B3EF180345EB00E294C9 /* Foundation.framework in Frameworks */,
				9882B3F1180345EB00E294C9 /* CoreGraphics.framework in Frameworks */,
				9882B3F3180345EB00E294C9 /* CoreData.framework in Frameworks */,
			);
			runOnlyForDeploymentPostprocessing = 0;
		};
		9882B40A180345EB00E294C9 /* Frameworks */ = {
			isa = PBXFrameworksBuildPhase;
			buildActionMask = 2147483647;
			files = (
				9882B49A18035F6200E294C9 /* libKiwi.a in Frameworks */,
				9882B410180345EB00E294C9 /* SenTestingKit.framework in Frameworks */,
				9882B411180345EB00E294C9 /* UIKit.framework in Frameworks */,
				9882B412180345EB00E294C9 /* Foundation.framework in Frameworks */,
				9882B413180345EB00E294C9 /* CoreData.framework in Frameworks */,
			);
			runOnlyForDeploymentPostprocessing = 0;
		};
/* End PBXFrameworksBuildPhase section */

/* Begin PBXGroup section */
		9882B3E0180345EB00E294C9 = {
			isa = PBXGroup;
			children = (
				9882B3F4180345EB00E294C9 /* CoreDataNetworkTemplate */,
				9882B416180345EB00E294C9 /* CoreDataNetworkTemplateTests */,
				9882B3EB180345EB00E294C9 /* Frameworks */,
				9882B3EA180345EB00E294C9 /* Products */,
				9882B47418034A0500E294C9 /* Vendor */,
			);
			sourceTree = "<group>";
		};
		9882B3EA180345EB00E294C9 /* Products */ = {
			isa = PBXGroup;
			children = (
				9882B3E9180345EB00E294C9 /* CoreDataNetworkTemplate.app */,
				9882B40E180345EB00E294C9 /* CoreDataNetworkTemplateTests.octest */,
			);
			name = Products;
			sourceTree = "<group>";
		};
		9882B3EB180345EB00E294C9 /* Frameworks */ = {
			isa = PBXGroup;
			children = (
				9882B47E18034AB500E294C9 /* CoreTelephony.framework */,
				9882B48018034AE100E294C9 /* SystemConfiguration.framework */,
				9882B48218034AF100E294C9 /* Security.framework */,
				9882B3EC180345EB00E294C9 /* UIKit.framework */,
				9882B3EE180345EB00E294C9 /* Foundation.framework */,
				9882B3F0180345EB00E294C9 /* CoreGraphics.framework */,
				9882B3F2180345EB00E294C9 /* CoreData.framework */,
				9882B40F180345EB00E294C9 /* SenTestingKit.framework */,
			);
			name = Frameworks;
			sourceTree = "<group>";
		};
		9882B3F4180345EB00E294C9 /* CoreDataNetworkTemplate */ = {
			isa = PBXGroup;
			children = (
				9882B3FD180345EB00E294C9 /* ZZZAppDelegate.h */,
				9882B3FE180345EB00E294C9 /* ZZZAppDelegate.m */,
				9882B406180345EB00E294C9 /* CoreDataNetworkTemplate.xcdatamodeld */,
				9882B3F5180345EB00E294C9 /* Supporting Files */,
			);
			path = CoreDataNetworkTemplate;
			sourceTree = "<group>";
		};
		9882B3F5180345EB00E294C9 /* Supporting Files */ = {
			isa = PBXGroup;
			children = (
				9882B3F6180345EB00E294C9 /* CoreDataNetworkTemplate-Info.plist */,
				9882B3F7180345EB00E294C9 /* InfoPlist.strings */,
				9882B3FA180345EB00E294C9 /* main.m */,
				9882B3FC180345EB00E294C9 /* CoreDataNetworkTemplate-Prefix.pch */,
				9882B400180345EB00E294C9 /* Default.png */,
				9882B402180345EB00E294C9 /* Default@2x.png */,
				9882B404180345EB00E294C9 /* Default-568h@2x.png */,
			);
			name = "Supporting Files";
			sourceTree = "<group>";
		};
		9882B416180345EB00E294C9 /* CoreDataNetworkTemplateTests */ = {
			isa = PBXGroup;
			children = (
				9882B49C1803612E00E294C9 /* ZZZExampleTest.m */,
				9882B417180345EB00E294C9 /* Supporting Files */,
			);
			path = CoreDataNetworkTemplateTests;
			sourceTree = "<group>";
		};
		9882B417180345EB00E294C9 /* Supporting Files */ = {
			isa = PBXGroup;
			children = (
				9882B418180345EB00E294C9 /* CoreDataNetworkTemplateTests-Info.plist */,
				9882B419180345EB00E294C9 /* InfoPlist.strings */,
			);
			name = "Supporting Files";
			sourceTree = "<group>";
		};
		9882B44D180349B800E294C9 /* AFNetworking */ = {
			isa = PBXGroup;
			children = (
				9882B44E180349B800E294C9 /* AFHTTPRequestOperation.h */,
				9882B44F180349B800E294C9 /* AFHTTPRequestOperation.m */,
				9882B450180349B800E294C9 /* AFHTTPRequestOperationManager.h */,
				9882B451180349B800E294C9 /* AFHTTPRequestOperationManager.m */,
				9882B452180349B800E294C9 /* AFHTTPSessionManager.h */,
				9882B453180349B800E294C9 /* AFHTTPSessionManager.m */,
				9882B454180349B800E294C9 /* AFNetworking.h */,
				9882B455180349B800E294C9 /* AFNetworkReachabilityManager.h */,
				9882B456180349B800E294C9 /* AFNetworkReachabilityManager.m */,
				9882B457180349B800E294C9 /* AFSecurityPolicy.h */,
				9882B458180349B800E294C9 /* AFSecurityPolicy.m */,
				9882B459180349B800E294C9 /* AFURLConnectionOperation.h */,
				9882B45A180349B800E294C9 /* AFURLConnectionOperation.m */,
				9882B45B180349B800E294C9 /* AFURLRequestSerialization.h */,
				9882B45C180349B800E294C9 /* AFURLRequestSerialization.m */,
				9882B45D180349B800E294C9 /* AFURLResponseSerialization.h */,
				9882B45E180349B800E294C9 /* AFURLResponseSerialization.m */,
				9882B45F180349B800E294C9 /* AFURLSessionManager.h */,
				9882B460180349B800E294C9 /* AFURLSessionManager.m */,
			);
			name = AFNetworking;
			path = ../Submodules/AFNetworking/AFNetworking;
			sourceTree = "<group>";
		};
		9882B47418034A0500E294C9 /* Vendor */ = {
			isa = PBXGroup;
			children = (
				9882B48518035F3600E294C9 /* Kiwi.xcodeproj */,
				9882B44D180349B800E294C9 /* AFNetworking */,
			);
			name = Vendor;
			path = CoreDataNetworkTemplate;
			sourceTree = "<group>";
		};
		9882B48618035F3600E294C9 /* Products */ = {
			isa = PBXGroup;
			children = (
				9882B48F18035F3700E294C9 /* libKiwi.a */,
				9882B49118035F3700E294C9 /* libKiwi-OSX.a */,
				9882B49318035F3700E294C9 /* KiwiTests.octest */,
				9882B49518035F3700E294C9 /* libKiwi-XCTest.a */,
				9882B49718035F3700E294C9 /* KiwiXCTests.xctest */,
			);
			name = Products;
			sourceTree = "<group>";
		};
/* End PBXGroup section */

/* Begin PBXNativeTarget section */
		9882B3E8180345EB00E294C9 /* CoreDataNetworkTemplate */ = {
			isa = PBXNativeTarget;
			buildConfigurationList = 9882B421180345EB00E294C9 /* Build configuration list for PBXNativeTarget "CoreDataNetworkTemplate" */;
			buildPhases = (
				9882B3E5180345EB00E294C9 /* Sources */,
				9882B3E6180345EB00E294C9 /* Frameworks */,
				9882B3E7180345EB00E294C9 /* Resources */,
			);
			buildRules = (
			);
			dependencies = (
			);
			name = CoreDataNetworkTemplate;
			productName = CoreDataNetworkTemplate;
			productReference = 9882B3E9180345EB00E294C9 /* CoreDataNetworkTemplate.app */;
			productType = "com.apple.product-type.application";
		};
		9882B40D180345EB00E294C9 /* CoreDataNetworkTemplateTests */ = {
			isa = PBXNativeTarget;
			buildConfigurationList = 9882B424180345EB00E294C9 /* Build configuration list for PBXNativeTarget "CoreDataNetworkTemplateTests" */;
			buildPhases = (
				9882B409180345EB00E294C9 /* Sources */,
				9882B40A180345EB00E294C9 /* Frameworks */,
				9882B40B180345EB00E294C9 /* Resources */,
				9882B40C180345EB00E294C9 /* ShellScript */,
			);
			buildRules = (
			);
			dependencies = (
				9882B49918035F4F00E294C9 /* PBXTargetDependency */,
				9882B415180345EB00E294C9 /* PBXTargetDependency */,
			);
			name = CoreDataNetworkTemplateTests;
			productName = CoreDataNetworkTemplateTests;
			productReference = 9882B40E180345EB00E294C9 /* CoreDataNetworkTemplateTests.octest */;
			productType = "com.apple.product-type.bundle";
		};
/* End PBXNativeTarget section */

/* Begin PBXProject section */
		9882B3E1180345EB00E294C9 /* Project object */ = {
			isa = PBXProject;
			attributes = {
				CLASSPREFIX = ZZZ;
				LastUpgradeCheck = 0460;
				ORGANIZATIONNAME = Hackazach;
			};
			buildConfigurationList = 9882B3E4180345EB00E294C9 /* Build configuration list for PBXProject "CoreDataNetworkTemplate" */;
			compatibilityVersion = "Xcode 3.2";
			developmentRegion = English;
			hasScannedForEncodings = 0;
			knownRegions = (
				en,
			);
			mainGroup = 9882B3E0180345EB00E294C9;
			productRefGroup = 9882B3EA180345EB00E294C9 /* Products */;
			projectDirPath = "";
			projectReferences = (
				{
					ProductGroup = 9882B48618035F3600E294C9 /* Products */;
					ProjectRef = 9882B48518035F3600E294C9 /* Kiwi.xcodeproj */;
				},
			);
			projectRoot = "";
			targets = (
				9882B3E8180345EB00E294C9 /* CoreDataNetworkTemplate */,
				9882B40D180345EB00E294C9 /* CoreDataNetworkTemplateTests */,
			);
		};
/* End PBXProject section */

/* Begin PBXReferenceProxy section */
		9882B48F18035F3700E294C9 /* libKiwi.a */ = {
			isa = PBXReferenceProxy;
			fileType = archive.ar;
			path = libKiwi.a;
			remoteRef = 9882B48E18035F3700E294C9 /* PBXContainerItemProxy */;
			sourceTree = BUILT_PRODUCTS_DIR;
		};
		9882B49118035F3700E294C9 /* libKiwi-OSX.a */ = {
			isa = PBXReferenceProxy;
			fileType = archive.ar;
			path = "libKiwi-OSX.a";
			remoteRef = 9882B49018035F3700E294C9 /* PBXContainerItemProxy */;
			sourceTree = BUILT_PRODUCTS_DIR;
		};
		9882B49318035F3700E294C9 /* KiwiTests.octest */ = {
			isa = PBXReferenceProxy;
			fileType = wrapper.cfbundle;
			path = KiwiTests.octest;
			remoteRef = 9882B49218035F3700E294C9 /* PBXContainerItemProxy */;
			sourceTree = BUILT_PRODUCTS_DIR;
		};
		9882B49518035F3700E294C9 /* libKiwi-XCTest.a */ = {
			isa = PBXReferenceProxy;
			fileType = archive.ar;
			path = "libKiwi-XCTest.a";
			remoteRef = 9882B49418035F3700E294C9 /* PBXContainerItemProxy */;
			sourceTree = BUILT_PRODUCTS_DIR;
		};
		9882B49718035F3700E294C9 /* KiwiXCTests.xctest */ = {
			isa = PBXReferenceProxy;
			fileType = wrapper.cfbundle;
			path = KiwiXCTests.xctest;
			remoteRef = 9882B49618035F3700E294C9 /* PBXContainerItemProxy */;
			sourceTree = BUILT_PRODUCTS_DIR;
		};
/* End PBXReferenceProxy section */

/* Begin PBXResourcesBuildPhase section */
		9882B3E7180345EB00E294C9 /* Resources */ = {
			isa = PBXResourcesBuildPhase;
			buildActionMask = 2147483647;
			files = (
				9882B3F9180345EB00E294C9 /* InfoPlist.strings in Resources */,
				9882B401180345EB00E294C9 /* Default.png in Resources */,
				9882B403180345EB00E294C9 /* Default@2x.png in Resources */,
				9882B405180345EB00E294C9 /* Default-568h@2x.png in Resources */,
			);
			runOnlyForDeploymentPostprocessing = 0;
		};
		9882B40B180345EB00E294C9 /* Resources */ = {
			isa = PBXResourcesBuildPhase;
			buildActionMask = 2147483647;
			files = (
				9882B41B180345EB00E294C9 /* InfoPlist.strings in Resources */,
			);
			runOnlyForDeploymentPostprocessing = 0;
		};
/* End PBXResourcesBuildPhase section */

/* Begin PBXShellScriptBuildPhase section */
		9882B40C180345EB00E294C9 /* ShellScript */ = {
			isa = PBXShellScriptBuildPhase;
			buildActionMask = 2147483647;
			files = (
			);
			inputPaths = (
			);
			outputPaths = (
			);
			runOnlyForDeploymentPostprocessing = 0;
			shellPath = /bin/sh;
			shellScript = "# Run the unit tests in this test bundle.\n\"${SYSTEM_DEVELOPER_DIR}/Tools/RunUnitTests\"\n";
		};
/* End PBXShellScriptBuildPhase section */

/* Begin PBXSourcesBuildPhase section */
		9882B3E5180345EB00E294C9 /* Sources */ = {
			isa = PBXSourcesBuildPhase;
			buildActionMask = 2147483647;
			files = (
				9882B47518034A4F00E294C9 /* AFHTTPRequestOperation.m in Sources */,
				9882B47618034A4F00E294C9 /* AFHTTPRequestOperationManager.m in Sources */,
				9882B47718034A4F00E294C9 /* AFHTTPSessionManager.m in Sources */,
				9882B47818034A4F00E294C9 /* AFNetworkReachabilityManager.m in Sources */,
				9882B47918034A4F00E294C9 /* AFSecurityPolicy.m in Sources */,
				9882B47A18034A4F00E294C9 /* AFURLConnectionOperation.m in Sources */,
				9882B47B18034A4F00E294C9 /* AFURLRequestSerialization.m in Sources */,
				9882B47C18034A4F00E294C9 /* AFURLResponseSerialization.m in Sources */,
				9882B47D18034A4F00E294C9 /* AFURLSessionManager.m in Sources */,
				9882B3FB180345EB00E294C9 /* main.m in Sources */,
				9882B3FF180345EB00E294C9 /* ZZZAppDelegate.m in Sources */,
				9882B408180345EB00E294C9 /* CoreDataNetworkTemplate.xcdatamodeld in Sources */,
			);
			runOnlyForDeploymentPostprocessing = 0;
		};
		9882B409180345EB00E294C9 /* Sources */ = {
			isa = PBXSourcesBuildPhase;
			buildActionMask = 2147483647;
			files = (
				9882B49D1803612E00E294C9 /* ZZZExampleTest.m in Sources */,
			);
			runOnlyForDeploymentPostprocessing = 0;
		};
/* End PBXSourcesBuildPhase section */

/* Begin PBXTargetDependency section */
		9882B415180345EB00E294C9 /* PBXTargetDependency */ = {
			isa = PBXTargetDependency;
			target = 9882B3E8180345EB00E294C9 /* CoreDataNetworkTemplate */;
			targetProxy = 9882B414180345EB00E294C9 /* PBXContainerItemProxy */;
		};
		9882B49918035F4F00E294C9 /* PBXTargetDependency */ = {
			isa = PBXTargetDependency;
			name = Kiwi;
			targetProxy = 9882B49818035F4F00E294C9 /* PBXContainerItemProxy */;
		};
/* End PBXTargetDependency section */

/* Begin PBXVariantGroup section */
		9882B3F7180345EB00E294C9 /* InfoPlist.strings */ = {
			isa = PBXVariantGroup;
			children = (
				9882B3F8180345EB00E294C9 /* en */,
			);
			name = InfoPlist.strings;
			sourceTree = "<group>";
		};
		9882B419180345EB00E294C9 /* InfoPlist.strings */ = {
			isa = PBXVariantGroup;
			children = (
				9882B41A180345EB00E294C9 /* en */,
			);
			name = InfoPlist.strings;
			sourceTree = "<group>";
		};
/* End PBXVariantGroup section */

/* Begin XCBuildConfiguration section */
		9882B41F180345EB00E294C9 /* Debug */ = {
			isa = XCBuildConfiguration;
			buildSettings = {
				ALWAYS_SEARCH_USER_PATHS = NO;
				CLANG_CXX_LANGUAGE_STANDARD = "gnu++0x";
				CLANG_CXX_LIBRARY = "libc++";
				CLANG_ENABLE_OBJC_ARC = YES;
				CLANG_WARN_CONSTANT_CONVERSION = YES;
				CLANG_WARN_EMPTY_BODY = YES;
				CLANG_WARN_ENUM_CONVERSION = YES;
				CLANG_WARN_INT_CONVERSION = YES;
				CLANG_WARN__DUPLICATE_METHOD_MATCH = YES;
				"CODE_SIGN_IDENTITY[sdk=iphoneos*]" = "iPhone Developer";
				COPY_PHASE_STRIP = NO;
				GCC_C_LANGUAGE_STANDARD = gnu99;
				GCC_DYNAMIC_NO_PIC = NO;
				GCC_OPTIMIZATION_LEVEL = 0;
				GCC_PREPROCESSOR_DEFINITIONS = (
					"DEBUG=1",
					"$(inherited)",
				);
				GCC_SYMBOLS_PRIVATE_EXTERN = NO;
				GCC_WARN_ABOUT_RETURN_TYPE = YES;
				GCC_WARN_UNINITIALIZED_AUTOS = YES;
				GCC_WARN_UNUSED_VARIABLE = YES;
				IPHONEOS_DEPLOYMENT_TARGET = 6.1;
				ONLY_ACTIVE_ARCH = YES;
				SDKROOT = iphoneos;
				TARGETED_DEVICE_FAMILY = "1,2";
			};
			name = Debug;
		};
		9882B420180345EB00E294C9 /* Release */ = {
			isa = XCBuildConfiguration;
			buildSettings = {
				ALWAYS_SEARCH_USER_PATHS = NO;
				CLANG_CXX_LANGUAGE_STANDARD = "gnu++0x";
				CLANG_CXX_LIBRARY = "libc++";
				CLANG_ENABLE_OBJC_ARC = YES;
				CLANG_WARN_CONSTANT_CONVERSION = YES;
				CLANG_WARN_EMPTY_BODY = YES;
				CLANG_WARN_ENUM_CONVERSION = YES;
				CLANG_WARN_INT_CONVERSION = YES;
				CLANG_WARN__DUPLICATE_METHOD_MATCH = YES;
				"CODE_SIGN_IDENTITY[sdk=iphoneos*]" = "iPhone Developer";
				COPY_PHASE_STRIP = YES;
				GCC_C_LANGUAGE_STANDARD = gnu99;
				GCC_WARN_ABOUT_RETURN_TYPE = YES;
				GCC_WARN_UNINITIALIZED_AUTOS = YES;
				GCC_WARN_UNUSED_VARIABLE = YES;
				IPHONEOS_DEPLOYMENT_TARGET = 6.1;
				OTHER_CFLAGS = "-DNS_BLOCK_ASSERTIONS=1";
				SDKROOT = iphoneos;
				TARGETED_DEVICE_FAMILY = "1,2";
				VALIDATE_PRODUCT = YES;
			};
			name = Release;
		};
		9882B422180345EB00E294C9 /* Debug */ = {
			isa = XCBuildConfiguration;
			buildSettings = {
				GCC_PRECOMPILE_PREFIX_HEADER = YES;
				GCC_PREFIX_HEADER = "CoreDataNetworkTemplate/CoreDataNetworkTemplate-Prefix.pch";
				INFOPLIST_FILE = "CoreDataNetworkTemplate/CoreDataNetworkTemplate-Info.plist";
				PRODUCT_NAME = "$(TARGET_NAME)";
				WRAPPER_EXTENSION = app;
			};
			name = Debug;
		};
		9882B423180345EB00E294C9 /* Release */ = {
			isa = XCBuildConfiguration;
			buildSettings = {
				GCC_PRECOMPILE_PREFIX_HEADER = YES;
				GCC_PREFIX_HEADER = "CoreDataNetworkTemplate/CoreDataNetworkTemplate-Prefix.pch";
				INFOPLIST_FILE = "CoreDataNetworkTemplate/CoreDataNetworkTemplate-Info.plist";
				PRODUCT_NAME = "$(TARGET_NAME)";
				WRAPPER_EXTENSION = app;
			};
			name = Release;
		};
		9882B425180345EB00E294C9 /* Debug */ = {
			isa = XCBuildConfiguration;
			buildSettings = {
				BUNDLE_LOADER = "$(BUILT_PRODUCTS_DIR)/CoreDataNetworkTemplate.app/CoreDataNetworkTemplate";
				FRAMEWORK_SEARCH_PATHS = (
					"\"$(SDKROOT)/Developer/Library/Frameworks\"",
					"\"$(DEVELOPER_LIBRARY_DIR)/Frameworks\"",
				);
				GCC_PRECOMPILE_PREFIX_HEADER = YES;
				GCC_PREFIX_HEADER = "CoreDataNetworkTemplate/CoreDataNetworkTemplate-Prefix.pch";
				HEADER_SEARCH_PATHS = (
					"Submodules/Kiwi/Classes/**",
					"Submodules/Kiwi/NonARC/**",
				);
				INFOPLIST_FILE = "CoreDataNetworkTemplateTests/CoreDataNetworkTemplateTests-Info.plist";
				PRODUCT_NAME = "$(TARGET_NAME)";
				TEST_HOST = "$(BUNDLE_LOADER)";
				WRAPPER_EXTENSION = octest;
			};
			name = Debug;
		};
		9882B426180345EB00E294C9 /* Release */ = {
			isa = XCBuildConfiguration;
			buildSettings = {
				BUNDLE_LOADER = "$(BUILT_PRODUCTS_DIR)/CoreDataNetworkTemplate.app/CoreDataNetworkTemplate";
				FRAMEWORK_SEARCH_PATHS = (
					"\"$(SDKROOT)/Developer/Library/Frameworks\"",
					"\"$(DEVELOPER_LIBRARY_DIR)/Frameworks\"",
				);
				GCC_PRECOMPILE_PREFIX_HEADER = YES;
				GCC_PREFIX_HEADER = "CoreDataNetworkTemplate/CoreDataNetworkTemplate-Prefix.pch";
				HEADER_SEARCH_PATHS = (
					"Submodules/Kiwi/NonARC/**",
					"Submodules/Kiwi/Classes/**",
				);
				INFOPLIST_FILE = "CoreDataNetworkTemplateTests/CoreDataNetworkTemplateTests-Info.plist";
				PRODUCT_NAME = "$(TARGET_NAME)";
				TEST_HOST = "$(BUNDLE_LOADER)";
				WRAPPER_EXTENSION = octest;
			};
			name = Release;
		};
/* End XCBuildConfiguration section */

/* Begin XCConfigurationList section */
		9882B3E4180345EB00E294C9 /* Build configuration list for PBXProject "CoreDataNetworkTemplate" */ = {
			isa = XCConfigurationList;
			buildConfigurations = (
				9882B41F180345EB00E294C9 /* Debug */,
				9882B420180345EB00E294C9 /* Release */,
			);
			defaultConfigurationIsVisible = 0;
			defaultConfigurationName = Release;
		};
		9882B421180345EB00E294C9 /* Build configuration list for PBXNativeTarget "CoreDataNetworkTemplate" */ = {
			isa = XCConfigurationList;
			buildConfigurations = (
				9882B422180345EB00E294C9 /* Debug */,
				9882B423180345EB00E294C9 /* Release */,
			);
			defaultConfigurationIsVisible = 0;
		};
		9882B424180345EB00E294C9 /* Build configuration list for PBXNativeTarget "CoreDataNetworkTemplateTests" */ = {
			isa = XCConfigurationList;
			buildConfigurations = (
				9882B425180345EB00E294C9 /* Debug */,
				9882B426180345EB00E294C9 /* Release */,
			);
			defaultConfigurationIsVisible = 0;
		};
/* End XCConfigurationList section */

/* Begin XCVersionGroup section */
		9882B406180345EB00E294C9 /* CoreDataNetworkTemplate.xcdatamodeld */ = {
			isa = XCVersionGroup;
			children = (
				9882B407180345EB00E294C9 /* CoreDataNetworkTemplate.xcdatamodel */,
			);
			currentVersion = 9882B407180345EB00E294C9 /* CoreDataNetworkTemplate.xcdatamodel */;
			path = CoreDataNetworkTemplate.xcdatamodeld;
			sourceTree = "<group>";
			versionGroupType = wrapper.xcdatamodel;
		};
/* End XCVersionGroup section */
	};
	rootObject = 9882B3E1180345EB00E294C9 /* Project object */;
}
